
Microsoft Visual Studio Solution File, Format Version 12.00
# Visual Studio 15
VisualStudioVersion = 15.0.26730.16
MinimumVisualStudioVersion = 10.0.40219.1
Project("{FAE04EC0-301F-11D3-BF4B-00C04F79EFBC}") = "Bidding Tic Tac Toe", "Bidding Tic Tac Toe.csproj", "{182480D5-72EE-439C-862D-F5A447B733B7}"
EndProject
Global
	GlobalSection(SolutionConfigurationPlatforms) = preSolution
		Debug|Any CPU = Debug|Any CPU
		Release|Any CPU = Release|Any CPU
	EndGlobalSection
	GlobalSection(ProjectConfigurationPlatforms) = postSolution
		{182480D5-72EE-439C-862D-F5A447B733B7}.Debug|Any CPU.ActiveCfg = Debug|Any CPU
		{182480D5-72EE-439C-862D-F5A447B733B7}.Debug|Any CPU.Build.0 = Debug|Any CPU
		{182480D5-72EE-439C-862D-F5A447B733B7}.Release|Any CPU.ActiveCfg = Release|Any CPU
		{182480D5-72EE-439C-862D-F5A447B733B7}.Release|Any CPU.Build.0 = Release|Any CPU
	EndGlobalSection
	GlobalSection(SolutionProperties) = preSolution
		HideSolutionNode = FALSE
	EndGlobalSection
	GlobalSection(ExtensibilityGlobals) = postSolution
		SolutionGuid = {29F90F9D-4A35-45BE-87BA-CE84D30D31D2}
	EndGlobalSection
EndGlobal
